
Microsoft Visual Studio Solution File, Format Version 12.00
# Visual Studio Version 16
VisualStudioVersion = 16.0.29318.209
MinimumVisualStudioVersion = 10.0.40219.1
Project("{9A19103F-16F7-4668-BE54-9A1E7A4F7556}") = "GrpcDemo.Abstraction", "GrpcDemo.Abstraction\GrpcDemo.Abstraction.csproj", "{F526555E-3A10-4535-8BE5-6734349597B1}"
EndProject
Project("{9A19103F-16F7-4668-BE54-9A1E7A4F7556}") = "GrpcDemo", "GrpcDemo\GrpcDemo.csproj", "{4B64DA49-6178-4B34-92D6-AA29B9491E2C}"
EndProject
Project("{9A19103F-16F7-4668-BE54-9A1E7A4F7556}") = "GrpcDemo.ApiClient", "GrpcDemo.ApiClient\GrpcDemo.ApiClient.csproj", "{A908A4DB-2953-48DB-9BD4-54C1292C91E6}"
EndProject
Project("{2150E333-8FDC-42A3-9474-1A3956D46DE8}") = "Client", "Client", "{D022797C-E4B2-4CEC-BA11-707CAF4F041D}"
EndProject
Project("{2150E333-8FDC-42A3-9474-1A3956D46DE8}") = "Server", "Server", "{1D571052-B265-4986-9860-46D808564655}"
EndProject
Project("{9A19103F-16F7-4668-BE54-9A1E7A4F7556}") = "GrpcDemo.WebHost", "GrpcDemo.WebHost\GrpcDemo.WebHost.csproj", "{929FED21-DAEF-4F0A-BEB8-095D0F3CEEBD}"
EndProject
Project("{9A19103F-16F7-4668-BE54-9A1E7A4F7556}") = "GrpcDemo.GrpcHost", "GrpcDemo.GrpcHost\GrpcDemo.GrpcHost.csproj", "{361D8B4E-BDAA-44A8-BF67-E9E8ACEAC4EF}"
EndProject
Project("{9A19103F-16F7-4668-BE54-9A1E7A4F7556}") = "GrpcDemo.GrpcClient", "GrpcDemo.GrpcClient\GrpcDemo.GrpcClient.csproj", "{1942B23A-ABF7-4807-A589-ACE39D196E81}"
EndProject
Project("{9A19103F-16F7-4668-BE54-9A1E7A4F7556}") = "Galaxy.Product.Abstraction", "Galaxy.Product.Abstraction\Galaxy.Product.Abstraction.csproj", "{A92C1949-E692-447B-A5A9-D8761EE575C5}"
EndProject
Project("{9A19103F-16F7-4668-BE54-9A1E7A4F7556}") = "Galaxy.Product", "Galaxy.Product\Galaxy.Product.csproj", "{DD1CFE59-D751-4E31-9044-AE81C7649920}"
EndProject
Project("{9A19103F-16F7-4668-BE54-9A1E7A4F7556}") = "Galaxy.Product.WebHost", "Galaxy.Product.WebHost\Galaxy.Product.WebHost.csproj", "{7CB21A83-EEB6-436F-80B5-1451E443B015}"
EndProject
Project("{FAE04EC0-301F-11D3-BF4B-00C04F79EFBC}") = "Galaxy.Order", "Galaxy.Order\Galaxy.Order.csproj", "{ED306E95-C79E-4D30-865E-1B86EB00D71A}"
EndProject
Project("{FAE04EC0-301F-11D3-BF4B-00C04F79EFBC}") = "Galaxy.Order.Abstraction", "Galaxy.Order.Abstraction\Galaxy.Order.Abstraction.csproj", "{881D555F-A852-4CF9-B5A6-F1DD0DDA68C2}"
EndProject
Project("{FAE04EC0-301F-11D3-BF4B-00C04F79EFBC}") = "Galaxy.Order.WebHost", "Galaxy.Order.WebHost\Galaxy.Order.WebHost.csproj", "{31A840ED-044B-4CF9-8D0D-51B275FDB989}"
EndProject
Global
	GlobalSection(SolutionConfigurationPlatforms) = preSolution
		Debug|Any CPU = Debug|Any CPU
		Release|Any CPU = Release|Any CPU
	EndGlobalSection
	GlobalSection(ProjectConfigurationPlatforms) = postSolution
		{F526555E-3A10-4535-8BE5-6734349597B1}.Debug|Any CPU.ActiveCfg = Debug|Any CPU
		{F526555E-3A10-4535-8BE5-6734349597B1}.Debug|Any CPU.Build.0 = Debug|Any CPU
		{F526555E-3A10-4535-8BE5-6734349597B1}.Release|Any CPU.ActiveCfg = Release|Any CPU
		{F526555E-3A10-4535-8BE5-6734349597B1}.Release|Any CPU.Build.0 = Release|Any CPU
		{4B64DA49-6178-4B34-92D6-AA29B9491E2C}.Debug|Any CPU.ActiveCfg = Debug|Any CPU
		{4B64DA49-6178-4B34-92D6-AA29B9491E2C}.Debug|Any CPU.Build.0 = Debug|Any CPU
		{4B64DA49-6178-4B34-92D6-AA29B9491E2C}.Release|Any CPU.ActiveCfg = Release|Any CPU
		{4B64DA49-6178-4B34-92D6-AA29B9491E2C}.Release|Any CPU.Build.0 = Release|Any CPU
		{A908A4DB-2953-48DB-9BD4-54C1292C91E6}.Debug|Any CPU.ActiveCfg = Debug|Any CPU
		{A908A4DB-2953-48DB-9BD4-54C1292C91E6}.Debug|Any CPU.Build.0 = Debug|Any CPU
		{A908A4DB-2953-48DB-9BD4-54C1292C91E6}.Release|Any CPU.ActiveCfg = Release|Any CPU
		{A908A4DB-2953-48DB-9BD4-54C1292C91E6}.Release|Any CPU.Build.0 = Release|Any CPU
		{929FED21-DAEF-4F0A-BEB8-095D0F3CEEBD}.Debug|Any CPU.ActiveCfg = Debug|Any CPU
		{929FED21-DAEF-4F0A-BEB8-095D0F3CEEBD}.Debug|Any CPU.Build.0 = Debug|Any CPU
		{929FED21-DAEF-4F0A-BEB8-095D0F3CEEBD}.Release|Any CPU.ActiveCfg = Release|Any CPU
		{929FED21-DAEF-4F0A-BEB8-095D0F3CEEBD}.Release|Any CPU.Build.0 = Release|Any CPU
		{361D8B4E-BDAA-44A8-BF67-E9E8ACEAC4EF}.Debug|Any CPU.ActiveCfg = Debug|Any CPU
		{361D8B4E-BDAA-44A8-BF67-E9E8ACEAC4EF}.Debug|Any CPU.Build.0 = Debug|Any CPU
		{361D8B4E-BDAA-44A8-BF67-E9E8ACEAC4EF}.Release|Any CPU.ActiveCfg = Release|Any CPU
		{361D8B4E-BDAA-44A8-BF67-E9E8ACEAC4EF}.Release|Any CPU.Build.0 = Release|Any CPU
		{1942B23A-ABF7-4807-A589-ACE39D196E81}.Debug|Any CPU.ActiveCfg = Debug|Any CPU
		{1942B23A-ABF7-4807-A589-ACE39D196E81}.Debug|Any CPU.Build.0 = Debug|Any CPU
		{1942B23A-ABF7-4807-A589-ACE39D196E81}.Release|Any CPU.ActiveCfg = Release|Any CPU
		{1942B23A-ABF7-4807-A589-ACE39D196E81}.Release|Any CPU.Build.0 = Release|Any CPU
		{A92C1949-E692-447B-A5A9-D8761EE575C5}.Debug|Any CPU.ActiveCfg = Debug|Any CPU
		{A92C1949-E692-447B-A5A9-D8761EE575C5}.Debug|Any CPU.Build.0 = Debug|Any CPU
		{A92C1949-E692-447B-A5A9-D8761EE575C5}.Release|Any CPU.ActiveCfg = Release|Any CPU
		{A92C1949-E692-447B-A5A9-D8761EE575C5}.Release|Any CPU.Build.0 = Release|Any CPU
		{DD1CFE59-D751-4E31-9044-AE81C7649920}.Debug|Any CPU.ActiveCfg = Debug|Any CPU
		{DD1CFE59-D751-4E31-9044-AE81C7649920}.Debug|Any CPU.Build.0 = Debug|Any CPU
		{DD1CFE59-D751-4E31-9044-AE81C7649920}.Release|Any CPU.ActiveCfg = Release|Any CPU
		{DD1CFE59-D751-4E31-9044-AE81C7649920}.Release|Any CPU.Build.0 = Release|Any CPU
		{7CB21A83-EEB6-436F-80B5-1451E443B015}.Debug|Any CPU.ActiveCfg = Debug|Any CPU
		{7CB21A83-EEB6-436F-80B5-1451E443B015}.Debug|Any CPU.Build.0 = Debug|Any CPU
		{7CB21A83-EEB6-436F-80B5-1451E443B015}.Release|Any CPU.ActiveCfg = Release|Any CPU
		{7CB21A83-EEB6-436F-80B5-1451E443B015}.Release|Any CPU.Build.0 = Release|Any CPU
		{ED306E95-C79E-4D30-865E-1B86EB00D71A}.Debug|Any CPU.ActiveCfg = Debug|Any CPU
		{ED306E95-C79E-4D30-865E-1B86EB00D71A}.Debug|Any CPU.Build.0 = Debug|Any CPU
		{ED306E95-C79E-4D30-865E-1B86EB00D71A}.Release|Any CPU.ActiveCfg = Release|Any CPU
		{ED306E95-C79E-4D30-865E-1B86EB00D71A}.Release|Any CPU.Build.0 = Release|Any CPU
		{881D555F-A852-4CF9-B5A6-F1DD0DDA68C2}.Debug|Any CPU.ActiveCfg = Debug|Any CPU
		{881D555F-A852-4CF9-B5A6-F1DD0DDA68C2}.Debug|Any CPU.Build.0 = Debug|Any CPU
		{881D555F-A852-4CF9-B5A6-F1DD0DDA68C2}.Release|Any CPU.ActiveCfg = Release|Any CPU
		{881D555F-A852-4CF9-B5A6-F1DD0DDA68C2}.Release|Any CPU.Build.0 = Release|Any CPU
		{31A840ED-044B-4CF9-8D0D-51B275FDB989}.Debug|Any CPU.ActiveCfg = Debug|Any CPU
		{31A840ED-044B-4CF9-8D0D-51B275FDB989}.Debug|Any CPU.Build.0 = Debug|Any CPU
		{31A840ED-044B-4CF9-8D0D-51B275FDB989}.Release|Any CPU.ActiveCfg = Release|Any CPU
		{31A840ED-044B-4CF9-8D0D-51B275FDB989}.Release|Any CPU.Build.0 = Release|Any CPU
	EndGlobalSection
	GlobalSection(SolutionProperties) = preSolution
		HideSolutionNode = FALSE
	EndGlobalSection
	GlobalSection(NestedProjects) = preSolution
		{A908A4DB-2953-48DB-9BD4-54C1292C91E6} = {D022797C-E4B2-4CEC-BA11-707CAF4F041D}
		{929FED21-DAEF-4F0A-BEB8-095D0F3CEEBD} = {1D571052-B265-4986-9860-46D808564655}
		{361D8B4E-BDAA-44A8-BF67-E9E8ACEAC4EF} = {1D571052-B265-4986-9860-46D808564655}
		{1942B23A-ABF7-4807-A589-ACE39D196E81} = {D022797C-E4B2-4CEC-BA11-707CAF4F041D}
		{7CB21A83-EEB6-436F-80B5-1451E443B015} = {1D571052-B265-4986-9860-46D808564655}
		{31A840ED-044B-4CF9-8D0D-51B275FDB989} = {1D571052-B265-4986-9860-46D808564655}
	EndGlobalSection
	GlobalSection(ExtensibilityGlobals) = postSolution
		SolutionGuid = {CB43AD2E-4D73-42F0-B7E7-19F90B06967D}
	EndGlobalSection
EndGlobal
